
Microsoft Visual Studio Solution File, Format Version 12.00
# Visual Studio Version 16
VisualStudioVersion = 16.0.28803.202
MinimumVisualStudioVersion = 10.0.40219.1
Project("{FAE04EC0-301F-11D3-BF4B-00C04F79EFBC}") = "Fundictus", "Fundictus\Fundictus.csproj", "{953F009F-2CE7-4D16-9D70-6D6E6A8FCECD}"
EndProject
Global
	GlobalSection(SolutionConfigurationPlatforms) = preSolution
		Debug|Any CPU = Debug|Any CPU
		Release|Any CPU = Release|Any CPU
	EndGlobalSection
	GlobalSection(ProjectConfigurationPlatforms) = postSolution
		{953F009F-2CE7-4D16-9D70-6D6E6A8FCECD}.Debug|Any CPU.ActiveCfg = Debug|Any CPU
		{953F009F-2CE7-4D16-9D70-6D6E6A8FCECD}.Debug|Any CPU.Build.0 = Debug|Any CPU
		{953F009F-2CE7-4D16-9D70-6D6E6A8FCECD}.Release|Any CPU.ActiveCfg = Release|Any CPU
		{953F009F-2CE7-4D16-9D70-6D6E6A8FCECD}.Release|Any CPU.Build.0 = Release|Any CPU
	EndGlobalSection
	GlobalSection(SolutionProperties) = preSolution
		HideSolutionNode = FALSE
	EndGlobalSection
	GlobalSection(ExtensibilityGlobals) = postSolution
		SolutionGuid = {3601B89C-2EA8-4CD5-BC23-CCEA4F16BDCB}
	EndGlobalSection
EndGlobal
